// !$*UTF8*$!
{
	archiveVersion = 1;
	classes = {
	};
	objectVersion = 55;
	objects = {

/* Begin PBXBuildFile section */
		795FBAB928AAB0A800DD2221 /* ItemRowView.swift in Sources */ = {isa = PBXBuildFile; fileRef = 795FBAB828AAB0A700DD2221 /* ItemRowView.swift */; };
		795FBABB28AC4DE800DD2221 /* Launch Screen.storyboard in Resources */ = {isa = PBXBuildFile; fileRef = 795FBABA28AC4DE800DD2221 /* Launch Screen.storyboard */; };
		79C253DA28A29E86003C7F0F /* IWatchedApp.swift in Sources */ = {isa = PBXBuildFile; fileRef = 79C253D928A29E86003C7F0F /* IWatchedApp.swift */; };
		79C253DC28A29E86003C7F0F /* ContentView.swift in Sources */ = {isa = PBXBuildFile; fileRef = 79C253DB28A29E86003C7F0F /* ContentView.swift */; };
		79C253DE28A29E88003C7F0F /* Assets.xcassets in Resources */ = {isa = PBXBuildFile; fileRef = 79C253DD28A29E88003C7F0F /* Assets.xcassets */; };
		79C253E128A29E88003C7F0F /* Preview Assets.xcassets in Resources */ = {isa = PBXBuildFile; fileRef = 79C253E028A29E88003C7F0F /* Preview Assets.xcassets */; };
		79C253E328A29E88003C7F0F /* Persistence.swift in Sources */ = {isa = PBXBuildFile; fileRef = 79C253E228A29E88003C7F0F /* Persistence.swift */; };
		79C253E628A29E88003C7F0F /* IWatched.xcdatamodeld in Sources */ = {isa = PBXBuildFile; fileRef = 79C253E428A29E88003C7F0F /* IWatched.xcdatamodeld */; };
		79C253EE28A30789003C7F0F /* AddItemView.swift in Sources */ = {isa = PBXBuildFile; fileRef = 79C253ED28A30789003C7F0F /* AddItemView.swift */; };
		79C253F028A30CD9003C7F0F /* DetailedItemView.swift in Sources */ = {isa = PBXBuildFile; fileRef = 79C253EF28A30CD9003C7F0F /* DetailedItemView.swift */; };
		79C253F328A3FE1F003C7F0F /* ImagePickerView.swift in Sources */ = {isa = PBXBuildFile; fileRef = 79C253F228A3FE1F003C7F0F /* ImagePickerView.swift */; };
		79C253F528A3FEC0003C7F0F /* Coordinator.swift in Sources */ = {isa = PBXBuildFile; fileRef = 79C253F428A3FEC0003C7F0F /* Coordinator.swift */; };
		79C253F828A40C12003C7F0F /* Popup.swift in Sources */ = {isa = PBXBuildFile; fileRef = 79C253F728A40C12003C7F0F /* Popup.swift */; };
		79C253FA28A696F7003C7F0F /* EmojiView.swift in Sources */ = {isa = PBXBuildFile; fileRef = 79C253F928A696F7003C7F0F /* EmojiView.swift */; };
/* End PBXBuildFile section */

/* Begin PBXFileReference section */
		795FBAB828AAB0A700DD2221 /* ItemRowView.swift */ = {isa = PBXFileReference; lastKnownFileType = sourcecode.swift; path = ItemRowView.swift; sourceTree = "<group>"; };
		795FBABA28AC4DE800DD2221 /* Launch Screen.storyboard */ = {isa = PBXFileReference; lastKnownFileType = file.storyboard; path = "Launch Screen.storyboard"; sourceTree = "<group>"; };
		79C253D628A29E86003C7F0F /* IWatched.app */ = {isa = PBXFileReference; explicitFileType = wrapper.application; includeInIndex = 0; path = IWatched.app; sourceTree = BUILT_PRODUCTS_DIR; };
		79C253D928A29E86003C7F0F /* IWatchedApp.swift */ = {isa = PBXFileReference; lastKnownFileType = sourcecode.swift; path = IWatchedApp.swift; sourceTree = "<group>"; };
		79C253DB28A29E86003C7F0F /* ContentView.swift */ = {isa = PBXFileReference; lastKnownFileType = sourcecode.swift; path = ContentView.swift; sourceTree = "<group>"; };
		79C253DD28A29E88003C7F0F /* Assets.xcassets */ = {isa = PBXFileReference; lastKnownFileType = folder.assetcatalog; path = Assets.xcassets; sourceTree = "<group>"; };
		79C253E028A29E88003C7F0F /* Preview Assets.xcassets */ = {isa = PBXFileReference; lastKnownFileType = folder.assetcatalog; path = "Preview Assets.xcassets"; sourceTree = "<group>"; };
		79C253E228A29E88003C7F0F /* Persistence.swift */ = {isa = PBXFileReference; lastKnownFileType = sourcecode.swift; path = Persistence.swift; sourceTree = "<group>"; };
		79C253E528A29E88003C7F0F /* IWatched.xcdatamodel */ = {isa = PBXFileReference; lastKnownFileType = wrapper.xcdatamodel; path = IWatched.xcdatamodel; sourceTree = "<group>"; };
		79C253ED28A30789003C7F0F /* AddItemView.swift */ = {isa = PBXFileReference; lastKnownFileType = sourcecode.swift; path = AddItemView.swift; sourceTree = "<group>"; };
		79C253EF28A30CD9003C7F0F /* DetailedItemView.swift */ = {isa = PBXFileReference; lastKnownFileType = sourcecode.swift; path = DetailedItemView.swift; sourceTree = "<group>"; };
		79C253F128A3FD37003C7F0F /* Info.plist */ = {isa = PBXFileReference; lastKnownFileType = text.plist; path = Info.plist; sourceTree = "<group>"; };
		79C253F228A3FE1F003C7F0F /* ImagePickerView.swift */ = {isa = PBXFileReference; lastKnownFileType = sourcecode.swift; path = ImagePickerView.swift; sourceTree = "<group>"; };
		79C253F428A3FEC0003C7F0F /* Coordinator.swift */ = {isa = PBXFileReference; lastKnownFileType = sourcecode.swift; path = Coordinator.swift; sourceTree = "<group>"; };
		79C253F728A40C12003C7F0F /* Popup.swift */ = {isa = PBXFileReference; lastKnownFileType = sourcecode.swift; path = Popup.swift; sourceTree = "<group>"; };
		79C253F928A696F7003C7F0F /* EmojiView.swift */ = {isa = PBXFileReference; lastKnownFileType = sourcecode.swift; path = EmojiView.swift; sourceTree = "<group>"; };
/* End PBXFileReference section */

/* Begin PBXFrameworksBuildPhase section */
		79C253D328A29E86003C7F0F /* Frameworks */ = {
			isa = PBXFrameworksBuildPhase;
			buildActionMask = 2147483647;
			files = (
			);
			runOnlyForDeploymentPostprocessing = 0;
		};
/* End PBXFrameworksBuildPhase section */

/* Begin PBXGroup section */
		79C253CD28A29E86003C7F0F = {
			isa = PBXGroup;
			children = (
				79C253D828A29E86003C7F0F /* IWatched */,
				79C253D728A29E86003C7F0F /* Products */,
			);
			sourceTree = "<group>";
		};
		79C253D728A29E86003C7F0F /* Products */ = {
			isa = PBXGroup;
			children = (
				79C253D628A29E86003C7F0F /* IWatched.app */,
			);
			name = Products;
			sourceTree = "<group>";
		};
		79C253D828A29E86003C7F0F /* IWatched */ = {
			isa = PBXGroup;
			children = (
				79C253F128A3FD37003C7F0F /* Info.plist */,
				79C253D928A29E86003C7F0F /* IWatchedApp.swift */,
				79C253F628A40BEA003C7F0F /* Extension */,
				79C253EC28A30778003C7F0F /* View */,
				79C253DD28A29E88003C7F0F /* Assets.xcassets */,
				79C253E428A29E88003C7F0F /* IWatched.xcdatamodeld */,
				795FBABA28AC4DE800DD2221 /* Launch Screen.storyboard */,
				79C253DF28A29E88003C7F0F /* Preview Content */,
			);
			path = IWatched;
			sourceTree = "<group>";
		};
		79C253DF28A29E88003C7F0F /* Preview Content */ = {
			isa = PBXGroup;
			children = (
				79C253E028A29E88003C7F0F /* Preview Assets.xcassets */,
			);
			path = "Preview Content";
			sourceTree = "<group>";
		};
		79C253EC28A30778003C7F0F /* View */ = {
			isa = PBXGroup;
			children = (
				79C253DB28A29E86003C7F0F /* ContentView.swift */,
				79C253ED28A30789003C7F0F /* AddItemView.swift */,
				79C253EF28A30CD9003C7F0F /* DetailedItemView.swift */,
				79C253F228A3FE1F003C7F0F /* ImagePickerView.swift */,
				79C253F928A696F7003C7F0F /* EmojiView.swift */,
				795FBAB828AAB0A700DD2221 /* ItemRowView.swift */,
			);
			path = View;
			sourceTree = "<group>";
		};
		79C253F628A40BEA003C7F0F /* Extension */ = {
			isa = PBXGroup;
			children = (
				79C253E228A29E88003C7F0F /* Persistence.swift */,
				79C253F428A3FEC0003C7F0F /* Coordinator.swift */,
				79C253F728A40C12003C7F0F /* Popup.swift */,
			);
			path = Extension;
			sourceTree = "<group>";
		};
/* End PBXGroup section */

/* Begin PBXNativeTarget section */
		79C253D528A29E86003C7F0F /* IWatched */ = {
			isa = PBXNativeTarget;
			buildConfigurationList = 79C253E928A29E88003C7F0F /* Build configuration list for PBXNativeTarget "IWatched" */;
			buildPhases = (
				79C253D228A29E86003C7F0F /* Sources */,
				79C253D328A29E86003C7F0F /* Frameworks */,
				79C253D428A29E86003C7F0F /* Resources */,
			);
			buildRules = (
			);
			dependencies = (
			);
			name = IWatched;
			productName = IWatched;
			productReference = 79C253D628A29E86003C7F0F /* IWatched.app */;
			productType = "com.apple.product-type.application";
		};
/* End PBXNativeTarget section */

/* Begin PBXProject section */
		79C253CE28A29E86003C7F0F /* Project object */ = {
			isa = PBXProject;
			attributes = {
				BuildIndependentTargetsInParallel = 1;
				LastSwiftUpdateCheck = 1340;
				LastUpgradeCheck = 1340;
				TargetAttributes = {
					79C253D528A29E86003C7F0F = {
						CreatedOnToolsVersion = 13.4.1;
					};
				};
			};
			buildConfigurationList = 79C253D128A29E86003C7F0F /* Build configuration list for PBXProject "IWatched" */;
			compatibilityVersion = "Xcode 13.0";
			developmentRegion = en;
			hasScannedForEncodings = 0;
			knownRegions = (
				en,
				Base,
			);
			mainGroup = 79C253CD28A29E86003C7F0F;
			productRefGroup = 79C253D728A29E86003C7F0F /* Products */;
			projectDirPath = "";
			projectRoot = "";
			targets = (
				79C253D528A29E86003C7F0F /* IWatched */,
			);
		};
/* End PBXProject section */

/* Begin PBXResourcesBuildPhase section */
		79C253D428A29E86003C7F0F /* Resources */ = {
			isa = PBXResourcesBuildPhase;
			buildActionMask = 2147483647;
			files = (
				795FBABB28AC4DE800DD2221 /* Launch Screen.storyboard in Resources */,
				79C253E128A29E88003C7F0F /* Preview Assets.xcassets in Resources */,
				79C253DE28A29E88003C7F0F /* Assets.xcassets in Resources */,
			);
			runOnlyForDeploymentPostprocessing = 0;
		};
/* End PBXResourcesBuildPhase section */

/* Begin PBXSourcesBuildPhase section */
		79C253D228A29E86003C7F0F /* Sources */ = {
			isa = PBXSourcesBuildPhase;
			buildActionMask = 2147483647;
			files = (
				79C253F828A40C12003C7F0F /* Popup.swift in Sources */,
				79C253F528A3FEC0003C7F0F /* Coordinator.swift in Sources */,
				79C253E328A29E88003C7F0F /* Persistence.swift in Sources */,
				79C253DC28A29E86003C7F0F /* ContentView.swift in Sources */,
				79C253E628A29E88003C7F0F /* IWatched.xcdatamodeld in Sources */,
				79C253DA28A29E86003C7F0F /* IWatchedApp.swift in Sources */,
				79C253F328A3FE1F003C7F0F /* ImagePickerView.swift in Sources */,
				79C253EE28A30789003C7F0F /* AddItemView.swift in Sources */,
				795FBAB928AAB0A800DD2221 /* ItemRowView.swift in Sources */,
				79C253F028A30CD9003C7F0F /* DetailedItemView.swift in Sources */,
				79C253FA28A696F7003C7F0F /* EmojiView.swift in Sources */,
			);
			runOnlyForDeploymentPostprocessing = 0;
		};
/* End PBXSourcesBuildPhase section */

/* Begin XCBuildConfiguration section */
		79C253E728A29E88003C7F0F /* Debug */ = {
			isa = XCBuildConfiguration;
			buildSettings = {
				ALWAYS_SEARCH_USER_PATHS = NO;
				CLANG_ANALYZER_NONNULL = YES;
				CLANG_ANALYZER_NUMBER_OBJECT_CONVERSION = YES_AGGRESSIVE;
				CLANG_CXX_LANGUAGE_STANDARD = "gnu++17";
				CLANG_ENABLE_MODULES = YES;
				CLANG_ENABLE_OBJC_ARC = YES;
				CLANG_ENABLE_OBJC_WEAK = YES;
				CLANG_WARN_BLOCK_CAPTURE_AUTORELEASING = YES;
				CLANG_WARN_BOOL_CONVERSION = YES;
				CLANG_WARN_COMMA = YES;
				CLANG_WARN_CONSTANT_CONVERSION = YES;
				CLANG_WARN_DEPRECATED_OBJC_IMPLEMENTATIONS = YES;
				CLANG_WARN_DIRECT_OBJC_ISA_USAGE = YES_ERROR;
				CLANG_WARN_DOCUMENTATION_COMMENTS = YES;
				CLANG_WARN_EMPTY_BODY = YES;
				CLANG_WARN_ENUM_CONVERSION = YES;
				CLANG_WARN_INFINITE_RECURSION = YES;
				CLANG_WARN_INT_CONVERSION = YES;
				CLANG_WARN_NON_LITERAL_NULL_CONVERSION = YES;
				CLANG_WARN_OBJC_IMPLICIT_RETAIN_SELF = YES;
				CLANG_WARN_OBJC_LITERAL_CONVERSION = YES;
				CLANG_WARN_OBJC_ROOT_CLASS = YES_ERROR;
				CLANG_WARN_QUOTED_INCLUDE_IN_FRAMEWORK_HEADER = YES;
				CLANG_WARN_RANGE_LOOP_ANALYSIS = YES;
				CLANG_WARN_STRICT_PROTOTYPES = YES;
				CLANG_WARN_SUSPICIOUS_MOVE = YES;
				CLANG_WARN_UNGUARDED_AVAILABILITY = YES_AGGRESSIVE;
				CLANG_WARN_UNREACHABLE_CODE = YES;
				CLANG_WARN__DUPLICATE_METHOD_MATCH = YES;
				COPY_PHASE_STRIP = NO;
				DEBUG_INFORMATION_FORMAT = dwarf;
				ENABLE_STRICT_OBJC_MSGSEND = YES;
				ENABLE_TESTABILITY = YES;
				GCC_C_LANGUAGE_STANDARD = gnu11;
				GCC_DYNAMIC_NO_PIC = NO;
				GCC_NO_COMMON_BLOCKS = YES;
				GCC_OPTIMIZATION_LEVEL = 0;
				GCC_PREPROCESSOR_DEFINITIONS = (
					"DEBUG=1",
					"$(inherited)",
				);
				GCC_WARN_64_TO_32_BIT_CONVERSION = YES;
				GCC_WARN_ABOUT_RETURN_TYPE = YES_ERROR;
				GCC_WARN_UNDECLARED_SELECTOR = YES;
				GCC_WARN_UNINITIALIZED_AUTOS = YES_AGGRESSIVE;
				GCC_WARN_UNUSED_FUNCTION = YES;
				GCC_WARN_UNUSED_VARIABLE = YES;
				IPHONEOS_DEPLOYMENT_TARGET = 15.5;
				MTL_ENABLE_DEBUG_INFO = INCLUDE_SOURCE;
				MTL_FAST_MATH = YES;
				ONLY_ACTIVE_ARCH = YES;
				SDKROOT = iphoneos;
				SWIFT_ACTIVE_COMPILATION_CONDITIONS = DEBUG;
				SWIFT_OPTIMIZATION_LEVEL = "-Onone";
			};
			name = Debug;
		};
		79C253E828A29E88003C7F0F /* Release */ = {
			isa = XCBuildConfiguration;
			buildSettings = {
				ALWAYS_SEARCH_USER_PATHS = NO;
				CLANG_ANALYZER_NONNULL = YES;
				CLANG_ANALYZER_NUMBER_OBJECT_CONVERSION = YES_AGGRESSIVE;
				CLANG_CXX_LANGUAGE_STANDARD = "gnu++17";
				CLANG_ENABLE_MODULES = YES;
				CLANG_ENABLE_OBJC_ARC = YES;
				CLANG_ENABLE_OBJC_WEAK = YES;
				CLANG_WARN_BLOCK_CAPTURE_AUTORELEASING = YES;
				CLANG_WARN_BOOL_CONVERSION = YES;
				CLANG_WARN_COMMA = YES;
				CLANG_WARN_CONSTANT_CONVERSION = YES;
				CLANG_WARN_DEPRECATED_OBJC_IMPLEMENTATIONS = YES;
				CLANG_WARN_DIRECT_OBJC_ISA_USAGE = YES_ERROR;
				CLANG_WARN_DOCUMENTATION_COMMENTS = YES;
				CLANG_WARN_EMPTY_BODY = YES;
				CLANG_WARN_ENUM_CONVERSION = YES;
				CLANG_WARN_INFINITE_RECURSION = YES;
				CLANG_WARN_INT_CONVERSION = YES;
				CLANG_WARN_NON_LITERAL_NULL_CONVERSION = YES;
				CLANG_WARN_OBJC_IMPLICIT_RETAIN_SELF = YES;
				CLANG_WARN_OBJC_LITERAL_CONVERSION = YES;
				CLANG_WARN_OBJC_ROOT_CLASS = YES_ERROR;
				CLANG_WARN_QUOTED_INCLUDE_IN_FRAMEWORK_HEADER = YES;
				CLANG_WARN_RANGE_LOOP_ANALYSIS = YES;
				CLANG_WARN_STRICT_PROTOTYPES = YES;
				CLANG_WARN_SUSPICIOUS_MOVE = YES;
				CLANG_WARN_UNGUARDED_AVAILABILITY = YES_AGGRESSIVE;
				CLANG_WARN_UNREACHABLE_CODE = YES;
				CLANG_WARN__DUPLICATE_METHOD_MATCH = YES;
				COPY_PHASE_STRIP = NO;
				DEBUG_INFORMATION_FORMAT = "dwarf-with-dsym";
				ENABLE_NS_ASSERTIONS = NO;
				ENABLE_STRICT_OBJC_MSGSEND = YES;
				GCC_C_LANGUAGE_STANDARD = gnu11;
				GCC_NO_COMMON_BLOCKS = YES;
				GCC_WARN_64_TO_32_BIT_CONVERSION = YES;
				GCC_WARN_ABOUT_RETURN_TYPE = YES_ERROR;
				GCC_WARN_UNDECLARED_SELECTOR = YES;
				GCC_WARN_UNINITIALIZED_AUTOS = YES_AGGRESSIVE;
				GCC_WARN_UNUSED_FUNCTION = YES;
				GCC_WARN_UNUSED_VARIABLE = YES;
				IPHONEOS_DEPLOYMENT_TARGET = 15.5;
				MTL_ENABLE_DEBUG_INFO = NO;
				MTL_FAST_MATH = YES;
				SDKROOT = iphoneos;
				SWIFT_COMPILATION_MODE = wholemodule;
				SWIFT_OPTIMIZATION_LEVEL = "-O";
				VALIDATE_PRODUCT = YES;
			};
			name = Release;
		};
		79C253EA28A29E88003C7F0F /* Debug */ = {
			isa = XCBuildConfiguration;
			buildSettings = {
				ASSETCATALOG_COMPILER_APPICON_NAME = AppIcon;
				ASSETCATALOG_COMPILER_GLOBAL_ACCENT_COLOR_NAME = AccentColor;
				CODE_SIGN_STYLE = Automatic;
				CURRENT_PROJECT_VERSION = 1;
				DEVELOPMENT_ASSET_PATHS = "\"IWatched/Preview Content\"";
				DEVELOPMENT_TEAM = 9FQT58QHTS;
				ENABLE_PREVIEWS = YES;
				GENERATE_INFOPLIST_FILE = YES;
				INFOPLIST_FILE = IWatched/Info.plist;
				INFOPLIST_KEY_NSCameraUsageDescription = "We need the camera permission";
				INFOPLIST_KEY_UIApplicationSceneManifest_Generation = YES;
				INFOPLIST_KEY_UIApplicationSupportsIndirectInputEvents = YES;
				INFOPLIST_KEY_UILaunchScreen_Generation = YES;
				INFOPLIST_KEY_UILaunchStoryboardName = "Launch Screen";
				INFOPLIST_KEY_UISupportedInterfaceOrientations = UIInterfaceOrientationPortrait;
				INFOPLIST_KEY_UISupportedInterfaceOrientations_iPad = "UIInterfaceOrientationPortrait UIInterfaceOrientationPortraitUpsideDown UIInterfaceOrientationLandscapeLeft UIInterfaceOrientationLandscapeRight";
				INFOPLIST_KEY_UISupportedInterfaceOrientations_iPhone = "UIInterfaceOrientationPortrait UIInterfaceOrientationLandscapeLeft UIInterfaceOrientationLandscapeRight";
				LD_RUNPATH_SEARCH_PATHS = (
					"$(inherited)",
					"@executable_path/Frameworks",
				);
				MARKETING_VERSION = 1.0;
				PRODUCT_BUNDLE_IDENTIFIER = bahadiretka.IWatched;
				PRODUCT_NAME = "$(TARGET_NAME)";
				SWIFT_EMIT_LOC_STRINGS = YES;
				SWIFT_VERSION = 5.0;
				TARGETED_DEVICE_FAMILY = "1,2";
			};
			name = Debug;
		};
		79C253EB28A29E88003C7F0F /* Release */ = {
			isa = XCBuildConfiguration;
			buildSettings = {
				ASSETCATALOG_COMPILER_APPICON_NAME = AppIcon;
				ASSETCATALOG_COMPILER_GLOBAL_ACCENT_COLOR_NAME = AccentColor;
				CODE_SIGN_STYLE = Automatic;
				CURRENT_PROJECT_VERSION = 1;
				DEVELOPMENT_ASSET_PATHS = "\"IWatched/Preview Content\"";
				DEVELOPMENT_TEAM = 9FQT58QHTS;
				ENABLE_PREVIEWS = YES;
				GENERATE_INFOPLIST_FILE = YES;
				INFOPLIST_FILE = IWatched/Info.plist;
				INFOPLIST_KEY_NSCameraUsageDescription = "We need the camera permission";
				INFOPLIST_KEY_UIApplicationSceneManifest_Generation = YES;
				INFOPLIST_KEY_UIApplicationSupportsIndirectInputEvents = YES;
				INFOPLIST_KEY_UILaunchScreen_Generation = YES;
				INFOPLIST_KEY_UILaunchStoryboardName = "Launch Screen";
				INFOPLIST_KEY_UISupportedInterfaceOrientations = UIInterfaceOrientationPortrait;
				INFOPLIST_KEY_UISupportedInterfaceOrientations_iPad = "UIInterfaceOrientationPortrait UIInterfaceOrientationPortraitUpsideDown UIInterfaceOrientationLandscapeLeft UIInterfaceOrientationLandscapeRight";
				INFOPLIST_KEY_UISupportedInterfaceOrientations_iPhone = "UIInterfaceOrientationPortrait UIInterfaceOrientationLandscapeLeft UIInterfaceOrientationLandscapeRight";
				LD_RUNPATH_SEARCH_PATHS = (
					"$(inherited)",
					"@executable_path/Frameworks",
				);
				MARKETING_VERSION = 1.0;
				PRODUCT_BUNDLE_IDENTIFIER = bahadiretka.IWatched;
				PRODUCT_NAME = "$(TARGET_NAME)";
				SWIFT_EMIT_LOC_STRINGS = YES;
				SWIFT_VERSION = 5.0;
				TARGETED_DEVICE_FAMILY = "1,2";
			};
			name = Release;
		};
/* End XCBuildConfiguration section */

/* Begin XCConfigurationList section */
		79C253D128A29E86003C7F0F /* Build configuration list for PBXProject "IWatched" */ = {
			isa = XCConfigurationList;
			buildConfigurations = (
				79C253E728A29E88003C7F0F /* Debug */,
				79C253E828A29E88003C7F0F /* Release */,
			);
			defaultConfigurationIsVisible = 0;
			defaultConfigurationName = Release;
		};
		79C253E928A29E88003C7F0F /* Build configuration list for PBXNativeTarget "IWatched" */ = {
			isa = XCConfigurationList;
			buildConfigurations = (
				79C253EA28A29E88003C7F0F /* Debug */,
				79C253EB28A29E88003C7F0F /* Release */,
			);
			defaultConfigurationIsVisible = 0;
			defaultConfigurationName = Release;
		};
/* End XCConfigurationList section */

/* Begin XCVersionGroup section */
		79C253E428A29E88003C7F0F /* IWatched.xcdatamodeld */ = {
			isa = XCVersionGroup;
			children = (
				79C253E528A29E88003C7F0F /* IWatched.xcdatamodel */,
			);
			currentVersion = 79C253E528A29E88003C7F0F /* IWatched.xcdatamodel */;
			path = IWatched.xcdatamodeld;
			sourceTree = "<group>";
			versionGroupType = wrapper.xcdatamodel;
		};
/* End XCVersionGroup section */
	};
	rootObject = 79C253CE28A29E86003C7F0F /* Project object */;
}
